<?xml version="1.0" encoding="utf-8"?>
<Project ToolsVersion="4.0" xmlns="http://schemas.microsoft.com/developer/msbuild/2003">
  <ItemGroup>
    <Filter Include="Source">
      <UniqueIdentifier>{90b33759-a86a-4756-9cdb-2e8ce06cdf0f}</UniqueIdentifier>
    </Filter>
  </ItemGroup>
  <ItemGroup>
    <ClCompile Include="Source\main.cpp">
      <Filter>Source</Filter>
    </ClCompile>
    <ClCompile Include="Source\App.cpp">
      <Filter>Source</Filter>
    </ClCompile>
    <ClCompile Include="Source\Enemy.cpp">
      <Filter>Source</Filter>
    </ClCompile>
    <ClCompile Include="Source\Mouse.cpp">
      <Filter>Source</Filter>
    </ClCompile>
    <ClCompile Include="Source\Corpse.cpp">
      <Filter>Source</Filter>
    </ClCompile>
    <ClCompile Include="Source\Button.cpp">
      <Filter>Source</Filter>
    </ClCompile>
  </ItemGroup>
  <ItemGroup>
    <ClInclude Include="Source\App.h">
      <Filter>Source</Filter>
    </ClInclude>
    <ClInclude Include="Source\Enemy.h">
      <Filter>Source</Filter>
    </ClInclude>
    <ClInclude Include="Source\AssetManager.h">
      <Filter>Source</Filter>
    </ClInclude>
    <ClInclude Include="Source\Mouse.h">
      <Filter>Source</Filter>
    </ClInclude>
    <ClInclude Include="Source\Random.h">
      <Filter>Source</Filter>
    </ClInclude>
    <ClInclude Include="Source\Corpse.h">
      <Filter>Source</Filter>
    </ClInclude>
    <ClInclude Include="Source\Button.h">
      <Filter>Source</Filter>
    </ClInclude>
  </ItemGroup>
</Project>